
Microsoft Visual Studio Solution File, Format Version 12.00
# Visual Studio Version 17
VisualStudioVersion = 17.0.31912.275
MinimumVisualStudioVersion = 10.0.40219.1
Project("{9A19103F-16F7-4668-BE54-9A1E7A4F7556}") = "DataBind", "DataBind\DataBind.csproj", "{DB26575E-398A-4C1F-801C-59E6F79620D3}"
EndProject
Project("{9A19103F-16F7-4668-BE54-9A1E7A4F7556}") = "EngineAdapter", "EngineAdapter\EngineAdapter.csproj", "{2F450413-EA4C-4716-9C39-5BE035EAEFC8}"
EndProject
Project("{9A19103F-16F7-4668-BE54-9A1E7A4F7556}") = "RunDataBindDemo", "RunDataBindDemo\RunDataBindDemo.csproj", "{E4E8F34B-9B8D-4BD2-8B1D-F26D86921EBD}"
EndProject
Project("{9A19103F-16F7-4668-BE54-9A1E7A4F7556}") = "TestDataBind", "TestDataBind\TestDataBind.csproj", "{8C6FFEF2-4CEE-46FF-B498-384DECEA8490}"
	ProjectSection(ProjectDependencies) = postProject
		{8A728BC5-4BF8-42EA-9545-929F713BC6E2} = {8A728BC5-4BF8-42EA-9545-929F713BC6E2}
	EndProjectSection
EndProject
Project("{9A19103F-16F7-4668-BE54-9A1E7A4F7556}") = "TestWithInjected", "TestWithInjected\TestWithInjected.csproj", "{A7E92FEA-6467-40A9-863F-EAE6BC371EAD}"
EndProject
Project("{9A19103F-16F7-4668-BE54-9A1E7A4F7556}") = "CiLin", "CiLin\CiLin.csproj", "{1299FE61-F8C9-4680-BDA9-FECECD9E8754}"
EndProject
Project("{9A19103F-16F7-4668-BE54-9A1E7A4F7556}") = "TestInjectDataBind", "TestInjectDataBind\TestInjectDataBind.csproj", "{EBF94F84-CD93-4431-8C0A-D4050B2DF29F}"
EndProject
Project("{9A19103F-16F7-4668-BE54-9A1E7A4F7556}") = "DataBind.Service", "DataBind.Service\DataBind.Service.csproj", "{8CDA4732-EB8D-403A-9CE6-37E964A102F0}"
EndProject
Project("{9A19103F-16F7-4668-BE54-9A1E7A4F7556}") = "DataBind.UnityBindEntry", "DataBind.UnityBindEntry\DataBind.UnityBindEntry.csproj", "{667637AC-EAD3-44AF-B97E-39DA41050017}"
EndProject
Project("{9A19103F-16F7-4668-BE54-9A1E7A4F7556}") = "UnityBuiltinLibs", "UnityBuiltinLibs\UnityBuiltinLibs.csproj", "{33DC53A1-7FB0-4407-8922-FED874014FFA}"
EndProject
Project("{9A19103F-16F7-4668-BE54-9A1E7A4F7556}") = "Publish", "Publish\Publish.csproj", "{DE19222B-3AFC-4A19-BA7C-E26E642B85AF}"
EndProject
Project("{FAE04EC0-301F-11D3-BF4B-00C04F79EFBC}") = "UnitTestUtils", "UnitTestUtils\UnitTestUtils.csproj", "{8A728BC5-4BF8-42EA-9545-929F713BC6E2}"
EndProject
Project("{FAE04EC0-301F-11D3-BF4B-00C04F79EFBC}") = "DataBind.ParseJSAbstract", "DataBind.ParseJSAbstract\DataBind.ParseJSAbstract.csproj", "{E4D32BB7-3AE5-4B42-A632-A2CB6E1D1974}"
	ProjectSection(ProjectDependencies) = postProject
		{DB26575E-398A-4C1F-801C-59E6F79620D3} = {DB26575E-398A-4C1F-801C-59E6F79620D3}
	EndProjectSection
EndProject
Project("{FAE04EC0-301F-11D3-BF4B-00C04F79EFBC}") = "TestParseJSDataBindAbstract", "TestParseJSDataBindAbstract\TestParseJSDataBindAbstract.csproj", "{70B2772F-0C1C-4910-ADF6-D094B0D2007B}"
EndProject
Project("{2150E333-8FDC-42A3-9474-1A3956D46DE8}") = "MonoCecil", "MonoCecil", "{DF881307-BA68-4BA7-BA64-462086312E2F}"
EndProject
Project("{FAE04EC0-301F-11D3-BF4B-00C04F79EFBC}") = "Mono.Cecil", "..\..\cecil\Mono.Cecil.csproj", "{524B91C9-4444-4E49-AF79-C74CB4CBE68B}"
EndProject
Project("{FAE04EC0-301F-11D3-BF4B-00C04F79EFBC}") = "Mono.Cecil.Mdb", "..\..\cecil\symbols\mdb\Mono.Cecil.Mdb.csproj", "{0D8811E1-E850-48FF-9ABE-6EF8D84BED54}"
EndProject
Project("{FAE04EC0-301F-11D3-BF4B-00C04F79EFBC}") = "Mono.Cecil.Pdb", "..\..\cecil\symbols\pdb\Mono.Cecil.Pdb.csproj", "{7D0FFEAC-BD83-43CF-92B7-CE43F02B0141}"
EndProject
Project("{FAE04EC0-301F-11D3-BF4B-00C04F79EFBC}") = "Mono.Cecil.Rocks", "..\..\cecil\rocks\Mono.Cecil.Rocks.csproj", "{7E0BDE17-9239-4ADF-9BCE-FE8B8A67D6A1}"
EndProject
Global
	GlobalSection(SolutionConfigurationPlatforms) = preSolution
		Debug|Any CPU = Debug|Any CPU
		Release|Any CPU = Release|Any CPU
	EndGlobalSection
	GlobalSection(ProjectConfigurationPlatforms) = postSolution
		{DB26575E-398A-4C1F-801C-59E6F79620D3}.Debug|Any CPU.ActiveCfg = Debug|Any CPU
		{DB26575E-398A-4C1F-801C-59E6F79620D3}.Debug|Any CPU.Build.0 = Debug|Any CPU
		{DB26575E-398A-4C1F-801C-59E6F79620D3}.Release|Any CPU.ActiveCfg = Release|Any CPU
		{DB26575E-398A-4C1F-801C-59E6F79620D3}.Release|Any CPU.Build.0 = Release|Any CPU
		{2F450413-EA4C-4716-9C39-5BE035EAEFC8}.Debug|Any CPU.ActiveCfg = Debug|Any CPU
		{2F450413-EA4C-4716-9C39-5BE035EAEFC8}.Debug|Any CPU.Build.0 = Debug|Any CPU
		{2F450413-EA4C-4716-9C39-5BE035EAEFC8}.Release|Any CPU.ActiveCfg = Release|Any CPU
		{2F450413-EA4C-4716-9C39-5BE035EAEFC8}.Release|Any CPU.Build.0 = Release|Any CPU
		{E4E8F34B-9B8D-4BD2-8B1D-F26D86921EBD}.Debug|Any CPU.ActiveCfg = Debug|Any CPU
		{E4E8F34B-9B8D-4BD2-8B1D-F26D86921EBD}.Debug|Any CPU.Build.0 = Debug|Any CPU
		{E4E8F34B-9B8D-4BD2-8B1D-F26D86921EBD}.Release|Any CPU.ActiveCfg = Release|Any CPU
		{E4E8F34B-9B8D-4BD2-8B1D-F26D86921EBD}.Release|Any CPU.Build.0 = Release|Any CPU
		{8C6FFEF2-4CEE-46FF-B498-384DECEA8490}.Debug|Any CPU.ActiveCfg = Debug|Any CPU
		{8C6FFEF2-4CEE-46FF-B498-384DECEA8490}.Debug|Any CPU.Build.0 = Debug|Any CPU
		{8C6FFEF2-4CEE-46FF-B498-384DECEA8490}.Release|Any CPU.ActiveCfg = Release|Any CPU
		{8C6FFEF2-4CEE-46FF-B498-384DECEA8490}.Release|Any CPU.Build.0 = Release|Any CPU
		{A7E92FEA-6467-40A9-863F-EAE6BC371EAD}.Debug|Any CPU.ActiveCfg = Debug|Any CPU
		{A7E92FEA-6467-40A9-863F-EAE6BC371EAD}.Debug|Any CPU.Build.0 = Debug|Any CPU
		{A7E92FEA-6467-40A9-863F-EAE6BC371EAD}.Release|Any CPU.ActiveCfg = Release|Any CPU
		{A7E92FEA-6467-40A9-863F-EAE6BC371EAD}.Release|Any CPU.Build.0 = Release|Any CPU
		{1299FE61-F8C9-4680-BDA9-FECECD9E8754}.Debug|Any CPU.ActiveCfg = Debug|Any CPU
		{1299FE61-F8C9-4680-BDA9-FECECD9E8754}.Debug|Any CPU.Build.0 = Debug|Any CPU
		{1299FE61-F8C9-4680-BDA9-FECECD9E8754}.Release|Any CPU.ActiveCfg = Release|Any CPU
		{1299FE61-F8C9-4680-BDA9-FECECD9E8754}.Release|Any CPU.Build.0 = Release|Any CPU
		{EBF94F84-CD93-4431-8C0A-D4050B2DF29F}.Debug|Any CPU.ActiveCfg = Debug|Any CPU
		{EBF94F84-CD93-4431-8C0A-D4050B2DF29F}.Debug|Any CPU.Build.0 = Debug|Any CPU
		{EBF94F84-CD93-4431-8C0A-D4050B2DF29F}.Release|Any CPU.ActiveCfg = Release|Any CPU
		{EBF94F84-CD93-4431-8C0A-D4050B2DF29F}.Release|Any CPU.Build.0 = Release|Any CPU
		{8CDA4732-EB8D-403A-9CE6-37E964A102F0}.Debug|Any CPU.ActiveCfg = Debug|Any CPU
		{8CDA4732-EB8D-403A-9CE6-37E964A102F0}.Debug|Any CPU.Build.0 = Debug|Any CPU
		{8CDA4732-EB8D-403A-9CE6-37E964A102F0}.Release|Any CPU.ActiveCfg = Release|Any CPU
		{8CDA4732-EB8D-403A-9CE6-37E964A102F0}.Release|Any CPU.Build.0 = Release|Any CPU
		{667637AC-EAD3-44AF-B97E-39DA41050017}.Debug|Any CPU.ActiveCfg = Debug|Any CPU
		{667637AC-EAD3-44AF-B97E-39DA41050017}.Debug|Any CPU.Build.0 = Debug|Any CPU
		{667637AC-EAD3-44AF-B97E-39DA41050017}.Release|Any CPU.ActiveCfg = Release|Any CPU
		{667637AC-EAD3-44AF-B97E-39DA41050017}.Release|Any CPU.Build.0 = Release|Any CPU
		{33DC53A1-7FB0-4407-8922-FED874014FFA}.Debug|Any CPU.ActiveCfg = Debug|Any CPU
		{33DC53A1-7FB0-4407-8922-FED874014FFA}.Debug|Any CPU.Build.0 = Debug|Any CPU
		{33DC53A1-7FB0-4407-8922-FED874014FFA}.Release|Any CPU.ActiveCfg = Release|Any CPU
		{33DC53A1-7FB0-4407-8922-FED874014FFA}.Release|Any CPU.Build.0 = Release|Any CPU
		{DE19222B-3AFC-4A19-BA7C-E26E642B85AF}.Debug|Any CPU.ActiveCfg = Debug|Any CPU
		{DE19222B-3AFC-4A19-BA7C-E26E642B85AF}.Debug|Any CPU.Build.0 = Debug|Any CPU
		{DE19222B-3AFC-4A19-BA7C-E26E642B85AF}.Release|Any CPU.ActiveCfg = Release|Any CPU
		{DE19222B-3AFC-4A19-BA7C-E26E642B85AF}.Release|Any CPU.Build.0 = Release|Any CPU
		{8A728BC5-4BF8-42EA-9545-929F713BC6E2}.Debug|Any CPU.ActiveCfg = Debug|Any CPU
		{8A728BC5-4BF8-42EA-9545-929F713BC6E2}.Debug|Any CPU.Build.0 = Debug|Any CPU
		{8A728BC5-4BF8-42EA-9545-929F713BC6E2}.Release|Any CPU.ActiveCfg = Release|Any CPU
		{8A728BC5-4BF8-42EA-9545-929F713BC6E2}.Release|Any CPU.Build.0 = Release|Any CPU
		{E4D32BB7-3AE5-4B42-A632-A2CB6E1D1974}.Debug|Any CPU.ActiveCfg = Debug|Any CPU
		{E4D32BB7-3AE5-4B42-A632-A2CB6E1D1974}.Debug|Any CPU.Build.0 = Debug|Any CPU
		{E4D32BB7-3AE5-4B42-A632-A2CB6E1D1974}.Release|Any CPU.ActiveCfg = Release|Any CPU
		{E4D32BB7-3AE5-4B42-A632-A2CB6E1D1974}.Release|Any CPU.Build.0 = Release|Any CPU
		{70B2772F-0C1C-4910-ADF6-D094B0D2007B}.Debug|Any CPU.ActiveCfg = Debug|Any CPU
		{70B2772F-0C1C-4910-ADF6-D094B0D2007B}.Debug|Any CPU.Build.0 = Debug|Any CPU
		{70B2772F-0C1C-4910-ADF6-D094B0D2007B}.Release|Any CPU.ActiveCfg = Release|Any CPU
		{70B2772F-0C1C-4910-ADF6-D094B0D2007B}.Release|Any CPU.Build.0 = Release|Any CPU
		{524B91C9-4444-4E49-AF79-C74CB4CBE68B}.Debug|Any CPU.ActiveCfg = Debug|Any CPU
		{524B91C9-4444-4E49-AF79-C74CB4CBE68B}.Debug|Any CPU.Build.0 = Debug|Any CPU
		{524B91C9-4444-4E49-AF79-C74CB4CBE68B}.Release|Any CPU.ActiveCfg = Release|Any CPU
		{524B91C9-4444-4E49-AF79-C74CB4CBE68B}.Release|Any CPU.Build.0 = Release|Any CPU
		{0D8811E1-E850-48FF-9ABE-6EF8D84BED54}.Debug|Any CPU.ActiveCfg = Debug|Any CPU
		{0D8811E1-E850-48FF-9ABE-6EF8D84BED54}.Debug|Any CPU.Build.0 = Debug|Any CPU
		{0D8811E1-E850-48FF-9ABE-6EF8D84BED54}.Release|Any CPU.ActiveCfg = Release|Any CPU
		{0D8811E1-E850-48FF-9ABE-6EF8D84BED54}.Release|Any CPU.Build.0 = Release|Any CPU
		{7D0FFEAC-BD83-43CF-92B7-CE43F02B0141}.Debug|Any CPU.ActiveCfg = Debug|Any CPU
		{7D0FFEAC-BD83-43CF-92B7-CE43F02B0141}.Debug|Any CPU.Build.0 = Debug|Any CPU
		{7D0FFEAC-BD83-43CF-92B7-CE43F02B0141}.Release|Any CPU.ActiveCfg = Release|Any CPU
		{7D0FFEAC-BD83-43CF-92B7-CE43F02B0141}.Release|Any CPU.Build.0 = Release|Any CPU
		{7E0BDE17-9239-4ADF-9BCE-FE8B8A67D6A1}.Debug|Any CPU.ActiveCfg = Debug|Any CPU
		{7E0BDE17-9239-4ADF-9BCE-FE8B8A67D6A1}.Debug|Any CPU.Build.0 = Debug|Any CPU
		{7E0BDE17-9239-4ADF-9BCE-FE8B8A67D6A1}.Release|Any CPU.ActiveCfg = Release|Any CPU
		{7E0BDE17-9239-4ADF-9BCE-FE8B8A67D6A1}.Release|Any CPU.Build.0 = Release|Any CPU
	EndGlobalSection
	GlobalSection(SolutionProperties) = preSolution
		HideSolutionNode = FALSE
	EndGlobalSection
	GlobalSection(ExtensibilityGlobals) = postSolution
		SolutionGuid = {91EA85F5-9B2A-45B8-B24C-BF57D0422F25}
	EndGlobalSection
	GlobalSection(NestedProjects) = preSolution
		{524B91C9-4444-4E49-AF79-C74CB4CBE68B} = {DF881307-BA68-4BA7-BA64-462086312E2F}
		{0D8811E1-E850-48FF-9ABE-6EF8D84BED54} = {DF881307-BA68-4BA7-BA64-462086312E2F}
		{7D0FFEAC-BD83-43CF-92B7-CE43F02B0141} = {DF881307-BA68-4BA7-BA64-462086312E2F}
		{7E0BDE17-9239-4ADF-9BCE-FE8B8A67D6A1} = {DF881307-BA68-4BA7-BA64-462086312E2F}
	EndGlobalSection
EndGlobal
